{
  "nodes": {
    "devshell": {
      "inputs": {
        "flake-utils": "flake-utils",
        "nixpkgs": [
          "nixpkgs"
        ]
      },
      "locked": {
        "lastModified": 1705240333,
        "narHash": "sha256-s9h2h44fCi54sSIT9ktd3eDik9JDpQE9DeYuXcA44u4=",
        "owner": "numtide",
        "repo": "devshell",
        "rev": "ca1ff587c602b934afe830ea3cb26d0fbde4c395",
        "type": "github"
      },
      "original": {
        "owner": "numtide",
        "repo": "devshell",
        "type": "github"
      }
    },
    "flake-parts": {
      "inputs": {
        "nixpkgs-lib": [
          "nixpkgs"
        ]
      },
      "locked": {
        "lastModified": 1704982712,
        "narHash": "sha256-2Ptt+9h8dczgle2Oo6z5ni5rt/uLMG47UFTR1ry/wgg=",
        "owner": "hercules-ci",
        "repo": "flake-parts",
        "rev": "07f6395285469419cf9d078f59b5b49993198c00",
        "type": "github"
      },
      "original": {
        "owner": "hercules-ci",
        "repo": "flake-parts",
        "type": "github"
      }
    },
    "flake-utils": {
      "inputs": {
        "systems": "systems"
      },
      "locked": {
        "lastModified": 1701680307,
        "narHash": "sha256-kAuep2h5ajznlPMD9rnQyffWG8EM/C73lejGofXvdM8=",
        "owner": "numtide",
        "repo": "flake-utils",
        "rev": "4022d587cbbfd70fe950c1e2083a02621806a725",
        "type": "github"
      },
      "original": {
        "owner": "numtide",
        "repo": "flake-utils",
        "type": "github"
      }
    },
    "nixpkgs": {
      "locked": {
        "lastModified": 1705266062,
        "narHash": "sha256-fdP1pe/bcfv/KaF8rqGrkN9daiypcomP2mwh6+qls8U=",
        "owner": "NixOS",
        "repo": "nixpkgs",
        "rev": "3763c9f08f7838b80bf9726782ec84a8e9f27d33",
        "type": "github"
      },
      "original": {
        "owner": "NixOS",
        "repo": "nixpkgs",
        "type": "github"
      }
    },
    "nixtoo": {
      "flake": false,
      "locked": {
        "lastModified": 1705091774,
        "narHash": "sha256-VMnXydPptFBQeAoxSikby6WfBAZmGhd11p98jYvLeoI=",
        "owner": "DarkKirb",
        "repo": "nixtoo",
        "rev": "6831c9972bf800508616909d8da865453a8aa77e",
        "type": "github"
      },
      "original": {
        "owner": "DarkKirb",
        "repo": "nixtoo",
        "type": "github"
      }
    },
    "root": {
      "inputs": {
        "devshell": "devshell",
        "flake-parts": "flake-parts",
        "nixpkgs": "nixpkgs",
        "nixtoo": "nixtoo"
      }
    },
    "systems": {
      "locked": {
        "lastModified": 1681028828,
        "narHash": "sha256-Vy1rq5AaRuLzOxct8nz4T6wlgyUR7zLU309k9mBC768=",
        "owner": "nix-systems",
        "repo": "default",
        "rev": "da67096a3b9bf56a91d16901293e51ba5b49a27e",
        "type": "github"
      },
      "original": {
        "owner": "nix-systems",
        "repo": "default",
        "type": "github"
      }
    }
  },
  "root": "root",
  "version": 7
}
